
Microsoft Visual Studio Solution File, Format Version 12.00
Project("{FAE04EC0-301F-11D3-BF4B-00C04F79EFBC}") = "VRCLauncher", "VRCLauncher\VRCLauncher.csproj", "{80B0E6EE-8824-4981-9331-9C36BCAE6343}"
EndProject
Global
	GlobalSection(SolutionConfigurationPlatforms) = preSolution
		Debug|Any CPU = Debug|Any CPU
		Release|Any CPU = Release|Any CPU
	EndGlobalSection
	GlobalSection(ProjectConfigurationPlatforms) = postSolution
		{80B0E6EE-8824-4981-9331-9C36BCAE6343}.Debug|Any CPU.ActiveCfg = Debug|Any CPU
		{80B0E6EE-8824-4981-9331-9C36BCAE6343}.Debug|Any CPU.Build.0 = Debug|Any CPU
		{80B0E6EE-8824-4981-9331-9C36BCAE6343}.Release|Any CPU.ActiveCfg = Release|Any CPU
		{80B0E6EE-8824-4981-9331-9C36BCAE6343}.Release|Any CPU.Build.0 = Release|Any CPU
	EndGlobalSection
EndGlobal
